
Microsoft Visual Studio Solution File, Format Version 12.00
# Visual Studio Version 17
VisualStudioVersion = 17.2.32526.322
MinimumVisualStudioVersion = 10.0.40219.1
Project("{FAE04EC0-301F-11D3-BF4B-00C04F79EFBC}") = "SR18", "SR18\SR18.csproj", "{81E74618-5712-44A7-8DC3-C4E31B5F5115}"
EndProject
Global
	GlobalSection(SolutionConfigurationPlatforms) = preSolution
		Debug|Any CPU = Debug|Any CPU
		Release|Any CPU = Release|Any CPU
	EndGlobalSection
	GlobalSection(ProjectConfigurationPlatforms) = postSolution
		{81E74618-5712-44A7-8DC3-C4E31B5F5115}.Debug|Any CPU.ActiveCfg = Debug|Any CPU
		{81E74618-5712-44A7-8DC3-C4E31B5F5115}.Debug|Any CPU.Build.0 = Debug|Any CPU
		{81E74618-5712-44A7-8DC3-C4E31B5F5115}.Release|Any CPU.ActiveCfg = Release|Any CPU
		{81E74618-5712-44A7-8DC3-C4E31B5F5115}.Release|Any CPU.Build.0 = Release|Any CPU
	EndGlobalSection
	GlobalSection(SolutionProperties) = preSolution
		HideSolutionNode = FALSE
	EndGlobalSection
	GlobalSection(ExtensibilityGlobals) = postSolution
		SolutionGuid = {05E729AF-86CA-4898-AA78-4BA812C19E11}
	EndGlobalSection
EndGlobal
